
Microsoft Visual Studio Solution File, Format Version 12.00
# Visual Studio Version 16
VisualStudioVersion = 16.0.30804.86
MinimumVisualStudioVersion = 15.0.26124.0
Project("{2150E333-8FDC-42A3-9474-1A3956D46DE8}") = "1 - Services", "1 - Services", "{47B04C49-A635-4177-8D65-77C517DF1B18}"
EndProject
Project("{2150E333-8FDC-42A3-9474-1A3956D46DE8}") = "2 - Application", "2 - Application", "{21A9B3AE-3359-4FB1-BFA1-B403495CBC56}"
EndProject
Project("{2150E333-8FDC-42A3-9474-1A3956D46DE8}") = "3 - Domain", "3 - Domain", "{250EA214-B6C7-4EB8-B9DC-9109D8640B3F}"
EndProject
Project("{2150E333-8FDC-42A3-9474-1A3956D46DE8}") = "4 - Infra", "4 - Infra", "{4562D9DB-0B37-4D60-B6D0-8A006106B9B1}"
EndProject
Project("{9A19103F-16F7-4668-BE54-9A1E7A4F7556}") = "Guideline.Application", "src\Guideline.Application\Guideline.Application.csproj", "{3D756C32-EABF-496B-85A9-9C5D5BD52A8E}"
EndProject
Project("{9A19103F-16F7-4668-BE54-9A1E7A4F7556}") = "Guideline.Domain", "src\Guideline.Domain\Guideline.Domain.csproj", "{1318EAD2-F50E-445A-B50A-38D8E52119B4}"
EndProject
Project("{2150E333-8FDC-42A3-9474-1A3956D46DE8}") = "4.1 - Data", "4.1 - Data", "{78A5D1A5-2D64-48AC-AFA9-1F7AE3D92FED}"
EndProject
Project("{2150E333-8FDC-42A3-9474-1A3956D46DE8}") = "4.2 - CrossCutting", "4.2 - CrossCutting", "{77B23425-474A-4C54-B3F8-D173EF4B7B00}"
EndProject
Project("{9A19103F-16F7-4668-BE54-9A1E7A4F7556}") = "Guideline.Infra.Data", "src\Guideline.Infra.Data\Guideline.Infra.Data.csproj", "{7A4FE2A0-F324-43E7-A571-B3C09324F754}"
EndProject
Project("{9A19103F-16F7-4668-BE54-9A1E7A4F7556}") = "Guideline.Infra.CrossCutting.Ioc", "src\Guideline.Infra.CrossCutting.Ioc\Guideline.Infra.CrossCutting.Ioc.csproj", "{D090D8EB-EAFE-4597-AC40-DA9CDE623730}"
EndProject
Project("{9A19103F-16F7-4668-BE54-9A1E7A4F7556}") = "Guideline.Api", "src\Guideline.Api\Guideline.Api.csproj", "{26FB474C-FF7C-4F00-8888-C6CA75F5395C}"
EndProject
Project("{2150E333-8FDC-42A3-9474-1A3956D46DE8}") = "5 - Tests", "5 - Tests", "{5501FEA8-E5AE-4249-AC65-AE49B6B0457A}"
EndProject
Project("{9A19103F-16F7-4668-BE54-9A1E7A4F7556}") = "Guideline.Tests", "src\Guideline.Tests\Guideline.Tests.csproj", "{B7ADE1B2-60B1-4A44-92C0-6ACE40916EBC}"
EndProject
Global
	GlobalSection(SolutionConfigurationPlatforms) = preSolution
		Debug|Any CPU = Debug|Any CPU
		Debug|x64 = Debug|x64
		Debug|x86 = Debug|x86
		Release|Any CPU = Release|Any CPU
		Release|x64 = Release|x64
		Release|x86 = Release|x86
	EndGlobalSection
	GlobalSection(ProjectConfigurationPlatforms) = postSolution
		{3D756C32-EABF-496B-85A9-9C5D5BD52A8E}.Debug|Any CPU.ActiveCfg = Debug|Any CPU
		{3D756C32-EABF-496B-85A9-9C5D5BD52A8E}.Debug|Any CPU.Build.0 = Debug|Any CPU
		{3D756C32-EABF-496B-85A9-9C5D5BD52A8E}.Debug|x64.ActiveCfg = Debug|Any CPU
		{3D756C32-EABF-496B-85A9-9C5D5BD52A8E}.Debug|x64.Build.0 = Debug|Any CPU
		{3D756C32-EABF-496B-85A9-9C5D5BD52A8E}.Debug|x86.ActiveCfg = Debug|Any CPU
		{3D756C32-EABF-496B-85A9-9C5D5BD52A8E}.Debug|x86.Build.0 = Debug|Any CPU
		{3D756C32-EABF-496B-85A9-9C5D5BD52A8E}.Release|Any CPU.ActiveCfg = Release|Any CPU
		{3D756C32-EABF-496B-85A9-9C5D5BD52A8E}.Release|Any CPU.Build.0 = Release|Any CPU
		{3D756C32-EABF-496B-85A9-9C5D5BD52A8E}.Release|x64.ActiveCfg = Release|Any CPU
		{3D756C32-EABF-496B-85A9-9C5D5BD52A8E}.Release|x64.Build.0 = Release|Any CPU
		{3D756C32-EABF-496B-85A9-9C5D5BD52A8E}.Release|x86.ActiveCfg = Release|Any CPU
		{3D756C32-EABF-496B-85A9-9C5D5BD52A8E}.Release|x86.Build.0 = Release|Any CPU
		{1318EAD2-F50E-445A-B50A-38D8E52119B4}.Debug|Any CPU.ActiveCfg = Debug|Any CPU
		{1318EAD2-F50E-445A-B50A-38D8E52119B4}.Debug|Any CPU.Build.0 = Debug|Any CPU
		{1318EAD2-F50E-445A-B50A-38D8E52119B4}.Debug|x64.ActiveCfg = Debug|Any CPU
		{1318EAD2-F50E-445A-B50A-38D8E52119B4}.Debug|x64.Build.0 = Debug|Any CPU
		{1318EAD2-F50E-445A-B50A-38D8E52119B4}.Debug|x86.ActiveCfg = Debug|Any CPU
		{1318EAD2-F50E-445A-B50A-38D8E52119B4}.Debug|x86.Build.0 = Debug|Any CPU
		{1318EAD2-F50E-445A-B50A-38D8E52119B4}.Release|Any CPU.ActiveCfg = Release|Any CPU
		{1318EAD2-F50E-445A-B50A-38D8E52119B4}.Release|Any CPU.Build.0 = Release|Any CPU
		{1318EAD2-F50E-445A-B50A-38D8E52119B4}.Release|x64.ActiveCfg = Release|Any CPU
		{1318EAD2-F50E-445A-B50A-38D8E52119B4}.Release|x64.Build.0 = Release|Any CPU
		{1318EAD2-F50E-445A-B50A-38D8E52119B4}.Release|x86.ActiveCfg = Release|Any CPU
		{1318EAD2-F50E-445A-B50A-38D8E52119B4}.Release|x86.Build.0 = Release|Any CPU
		{7A4FE2A0-F324-43E7-A571-B3C09324F754}.Debug|Any CPU.ActiveCfg = Debug|Any CPU
		{7A4FE2A0-F324-43E7-A571-B3C09324F754}.Debug|Any CPU.Build.0 = Debug|Any CPU
		{7A4FE2A0-F324-43E7-A571-B3C09324F754}.Debug|x64.ActiveCfg = Debug|Any CPU
		{7A4FE2A0-F324-43E7-A571-B3C09324F754}.Debug|x64.Build.0 = Debug|Any CPU
		{7A4FE2A0-F324-43E7-A571-B3C09324F754}.Debug|x86.ActiveCfg = Debug|Any CPU
		{7A4FE2A0-F324-43E7-A571-B3C09324F754}.Debug|x86.Build.0 = Debug|Any CPU
		{7A4FE2A0-F324-43E7-A571-B3C09324F754}.Release|Any CPU.ActiveCfg = Release|Any CPU
		{7A4FE2A0-F324-43E7-A571-B3C09324F754}.Release|Any CPU.Build.0 = Release|Any CPU
		{7A4FE2A0-F324-43E7-A571-B3C09324F754}.Release|x64.ActiveCfg = Release|Any CPU
		{7A4FE2A0-F324-43E7-A571-B3C09324F754}.Release|x64.Build.0 = Release|Any CPU
		{7A4FE2A0-F324-43E7-A571-B3C09324F754}.Release|x86.ActiveCfg = Release|Any CPU
		{7A4FE2A0-F324-43E7-A571-B3C09324F754}.Release|x86.Build.0 = Release|Any CPU
		{D090D8EB-EAFE-4597-AC40-DA9CDE623730}.Debug|Any CPU.ActiveCfg = Debug|Any CPU
		{D090D8EB-EAFE-4597-AC40-DA9CDE623730}.Debug|Any CPU.Build.0 = Debug|Any CPU
		{D090D8EB-EAFE-4597-AC40-DA9CDE623730}.Debug|x64.ActiveCfg = Debug|Any CPU
		{D090D8EB-EAFE-4597-AC40-DA9CDE623730}.Debug|x64.Build.0 = Debug|Any CPU
		{D090D8EB-EAFE-4597-AC40-DA9CDE623730}.Debug|x86.ActiveCfg = Debug|Any CPU
		{D090D8EB-EAFE-4597-AC40-DA9CDE623730}.Debug|x86.Build.0 = Debug|Any CPU
		{D090D8EB-EAFE-4597-AC40-DA9CDE623730}.Release|Any CPU.ActiveCfg = Release|Any CPU
		{D090D8EB-EAFE-4597-AC40-DA9CDE623730}.Release|Any CPU.Build.0 = Release|Any CPU
		{D090D8EB-EAFE-4597-AC40-DA9CDE623730}.Release|x64.ActiveCfg = Release|Any CPU
		{D090D8EB-EAFE-4597-AC40-DA9CDE623730}.Release|x64.Build.0 = Release|Any CPU
		{D090D8EB-EAFE-4597-AC40-DA9CDE623730}.Release|x86.ActiveCfg = Release|Any CPU
		{D090D8EB-EAFE-4597-AC40-DA9CDE623730}.Release|x86.Build.0 = Release|Any CPU
		{26FB474C-FF7C-4F00-8888-C6CA75F5395C}.Debug|Any CPU.ActiveCfg = Debug|Any CPU
		{26FB474C-FF7C-4F00-8888-C6CA75F5395C}.Debug|Any CPU.Build.0 = Debug|Any CPU
		{26FB474C-FF7C-4F00-8888-C6CA75F5395C}.Debug|x64.ActiveCfg = Debug|Any CPU
		{26FB474C-FF7C-4F00-8888-C6CA75F5395C}.Debug|x64.Build.0 = Debug|Any CPU
		{26FB474C-FF7C-4F00-8888-C6CA75F5395C}.Debug|x86.ActiveCfg = Debug|Any CPU
		{26FB474C-FF7C-4F00-8888-C6CA75F5395C}.Debug|x86.Build.0 = Debug|Any CPU
		{26FB474C-FF7C-4F00-8888-C6CA75F5395C}.Release|Any CPU.ActiveCfg = Release|Any CPU
		{26FB474C-FF7C-4F00-8888-C6CA75F5395C}.Release|Any CPU.Build.0 = Release|Any CPU
		{26FB474C-FF7C-4F00-8888-C6CA75F5395C}.Release|x64.ActiveCfg = Release|Any CPU
		{26FB474C-FF7C-4F00-8888-C6CA75F5395C}.Release|x64.Build.0 = Release|Any CPU
		{26FB474C-FF7C-4F00-8888-C6CA75F5395C}.Release|x86.ActiveCfg = Release|Any CPU
		{26FB474C-FF7C-4F00-8888-C6CA75F5395C}.Release|x86.Build.0 = Release|Any CPU
		{B7ADE1B2-60B1-4A44-92C0-6ACE40916EBC}.Debug|Any CPU.ActiveCfg = Debug|Any CPU
		{B7ADE1B2-60B1-4A44-92C0-6ACE40916EBC}.Debug|Any CPU.Build.0 = Debug|Any CPU
		{B7ADE1B2-60B1-4A44-92C0-6ACE40916EBC}.Debug|x64.ActiveCfg = Debug|Any CPU
		{B7ADE1B2-60B1-4A44-92C0-6ACE40916EBC}.Debug|x64.Build.0 = Debug|Any CPU
		{B7ADE1B2-60B1-4A44-92C0-6ACE40916EBC}.Debug|x86.ActiveCfg = Debug|Any CPU
		{B7ADE1B2-60B1-4A44-92C0-6ACE40916EBC}.Debug|x86.Build.0 = Debug|Any CPU
		{B7ADE1B2-60B1-4A44-92C0-6ACE40916EBC}.Release|Any CPU.ActiveCfg = Release|Any CPU
		{B7ADE1B2-60B1-4A44-92C0-6ACE40916EBC}.Release|Any CPU.Build.0 = Release|Any CPU
		{B7ADE1B2-60B1-4A44-92C0-6ACE40916EBC}.Release|x64.ActiveCfg = Release|Any CPU
		{B7ADE1B2-60B1-4A44-92C0-6ACE40916EBC}.Release|x64.Build.0 = Release|Any CPU
		{B7ADE1B2-60B1-4A44-92C0-6ACE40916EBC}.Release|x86.ActiveCfg = Release|Any CPU
		{B7ADE1B2-60B1-4A44-92C0-6ACE40916EBC}.Release|x86.Build.0 = Release|Any CPU
	EndGlobalSection
	GlobalSection(SolutionProperties) = preSolution
		HideSolutionNode = FALSE
	EndGlobalSection
	GlobalSection(NestedProjects) = preSolution
		{3D756C32-EABF-496B-85A9-9C5D5BD52A8E} = {21A9B3AE-3359-4FB1-BFA1-B403495CBC56}
		{1318EAD2-F50E-445A-B50A-38D8E52119B4} = {250EA214-B6C7-4EB8-B9DC-9109D8640B3F}
		{78A5D1A5-2D64-48AC-AFA9-1F7AE3D92FED} = {4562D9DB-0B37-4D60-B6D0-8A006106B9B1}
		{77B23425-474A-4C54-B3F8-D173EF4B7B00} = {4562D9DB-0B37-4D60-B6D0-8A006106B9B1}
		{7A4FE2A0-F324-43E7-A571-B3C09324F754} = {78A5D1A5-2D64-48AC-AFA9-1F7AE3D92FED}
		{D090D8EB-EAFE-4597-AC40-DA9CDE623730} = {77B23425-474A-4C54-B3F8-D173EF4B7B00}
		{26FB474C-FF7C-4F00-8888-C6CA75F5395C} = {47B04C49-A635-4177-8D65-77C517DF1B18}
		{5501FEA8-E5AE-4249-AC65-AE49B6B0457A} = {4562D9DB-0B37-4D60-B6D0-8A006106B9B1}
		{B7ADE1B2-60B1-4A44-92C0-6ACE40916EBC} = {5501FEA8-E5AE-4249-AC65-AE49B6B0457A}
	EndGlobalSection
	GlobalSection(ExtensibilityGlobals) = postSolution
		SolutionGuid = {5476DBC5-7B8B-42FB-BFD5-F3AC027A7D27}
	EndGlobalSection
EndGlobal
